
Microsoft Visual Studio Solution File, Format Version 12.00
# Visual Studio Version 17
VisualStudioVersion = 17.3.32901.215
MinimumVisualStudioVersion = 10.0.40219.1
Project("{FAE04EC0-301F-11D3-BF4B-00C04F79EFBC}") = "Api_Demo_Project", "Api_Demo_Project\Api_Demo_Project.csproj", "{B3DCCBA1-8442-4A87-8943-AD87867F5612}"
EndProject
Global
	GlobalSection(SolutionConfigurationPlatforms) = preSolution
		Debug|Any CPU = Debug|Any CPU
		Release|Any CPU = Release|Any CPU
	EndGlobalSection
	GlobalSection(ProjectConfigurationPlatforms) = postSolution
		{B3DCCBA1-8442-4A87-8943-AD87867F5612}.Debug|Any CPU.ActiveCfg = Debug|Any CPU
		{B3DCCBA1-8442-4A87-8943-AD87867F5612}.Debug|Any CPU.Build.0 = Debug|Any CPU
		{B3DCCBA1-8442-4A87-8943-AD87867F5612}.Release|Any CPU.ActiveCfg = Release|Any CPU
		{B3DCCBA1-8442-4A87-8943-AD87867F5612}.Release|Any CPU.Build.0 = Release|Any CPU
	EndGlobalSection
	GlobalSection(SolutionProperties) = preSolution
		HideSolutionNode = FALSE
	EndGlobalSection
	GlobalSection(ExtensibilityGlobals) = postSolution
		SolutionGuid = {F7862366-AC13-48A4-97AF-37383A5CC179}
	EndGlobalSection
EndGlobal
